// !$*UTF8*$!
{
	archiveVersion = 1;
	classes = {
	};
	objectVersion = 51;
	objects = {

/* Begin PBXBuildFile section */
		981CE3A425ADAE5500F4B56A /* TextEditorView.swift in Sources */ = {isa = PBXBuildFile; fileRef = 981CE3A325ADAE5500F4B56A /* TextEditorView.swift */; };
		982871E925AA83B0009A2957 /* DefaultNotes.plist in Resources */ = {isa = PBXBuildFile; fileRef = 982871E825AA83B0009A2957 /* DefaultNotes.plist */; };
		982871EB25AA852F009A2957 /* NoteCellViewModel.swift in Sources */ = {isa = PBXBuildFile; fileRef = 982871EA25AA852F009A2957 /* NoteCellViewModel.swift */; };
		982871EE25AA8721009A2957 /* ReaderModeControllerVM.swift in Sources */ = {isa = PBXBuildFile; fileRef = 982871ED25AA8721009A2957 /* ReaderModeControllerVM.swift */; };
		982871F225AA9547009A2957 /* NoteCellAdd.swift in Sources */ = {isa = PBXBuildFile; fileRef = 982871F125AA9547009A2957 /* NoteCellAdd.swift */; };
		982871F425AAA0A4009A2957 /* NoteColletionView.swift in Sources */ = {isa = PBXBuildFile; fileRef = 982871F325AAA0A4009A2957 /* NoteColletionView.swift */; };
		982871F725AAA147009A2957 /* NoteCollectionVMType.swift in Sources */ = {isa = PBXBuildFile; fileRef = 982871F625AAA147009A2957 /* NoteCollectionVMType.swift */; };
		982871F925AAA22A009A2957 /* DocumentsControllerVM.swift in Sources */ = {isa = PBXBuildFile; fileRef = 982871F825AAA22A009A2957 /* DocumentsControllerVM.swift */; };
		982871FB25AB1C46009A2957 /* NewNoteController.swift in Sources */ = {isa = PBXBuildFile; fileRef = 982871FA25AB1C46009A2957 /* NewNoteController.swift */; };
		988F7BBB25A76C3100085B00 /* AppDelegate.swift in Sources */ = {isa = PBXBuildFile; fileRef = 988F7BBA25A76C3100085B00 /* AppDelegate.swift */; };
		988F7BBD25A76C3100085B00 /* SceneDelegate.swift in Sources */ = {isa = PBXBuildFile; fileRef = 988F7BBC25A76C3100085B00 /* SceneDelegate.swift */; };
		988F7BC525A76C3100085B00 /* Write_.xcdatamodeld in Sources */ = {isa = PBXBuildFile; fileRef = 988F7BC325A76C3100085B00 /* Write_.xcdatamodeld */; };
		988F7BC725A76C3300085B00 /* Assets.xcassets in Resources */ = {isa = PBXBuildFile; fileRef = 988F7BC625A76C3300085B00 /* Assets.xcassets */; };
		988F7BCA25A76C3300085B00 /* LaunchScreen.storyboard in Resources */ = {isa = PBXBuildFile; fileRef = 988F7BC825A76C3300085B00 /* LaunchScreen.storyboard */; };
		988F7BD625A7708700085B00 /* MainContainer.swift in Sources */ = {isa = PBXBuildFile; fileRef = 988F7BD525A7708700085B00 /* MainContainer.swift */; };
		988F7BD825A7721200085B00 /* MainTabController.swift in Sources */ = {isa = PBXBuildFile; fileRef = 988F7BD725A7721200085B00 /* MainTabController.swift */; };
		988F7BDA25A7738100085B00 /* DocumentsController.swift in Sources */ = {isa = PBXBuildFile; fileRef = 988F7BD925A7738100085B00 /* DocumentsController.swift */; };
		988F7BDC25A773B000085B00 /* ReaderModeController.swift in Sources */ = {isa = PBXBuildFile; fileRef = 988F7BDB25A773B000085B00 /* ReaderModeController.swift */; };
		988F7BDE25A773D600085B00 /* SettingsController.swift in Sources */ = {isa = PBXBuildFile; fileRef = 988F7BDD25A773D600085B00 /* SettingsController.swift */; };
		988F7BE125A77C0100085B00 /* Extensions.swift in Sources */ = {isa = PBXBuildFile; fileRef = 988F7BE025A77C0100085B00 /* Extensions.swift */; };
		98BBD0AE25AC173000E8C55D /* UtilitiesUI.swift in Sources */ = {isa = PBXBuildFile; fileRef = 98BBD0AD25AC173000E8C55D /* UtilitiesUI.swift */; };
		98EF0F1925A90D51000D3DF4 /* NoteCell.swift in Sources */ = {isa = PBXBuildFile; fileRef = 98EF0F1825A90D51000D3DF4 /* NoteCell.swift */; };
		98EF0F1C25A91E9B000D3DF4 /* Note.swift in Sources */ = {isa = PBXBuildFile; fileRef = 98EF0F1B25A91E9A000D3DF4 /* Note.swift */; };
		B60AB3A1B393E94EB024FB3B /* Pods_Write_.framework in Frameworks */ = {isa = PBXBuildFile; fileRef = 496966C03CEADA0BA4F1A329 /* Pods_Write_.framework */; };
/* End PBXBuildFile section */

/* Begin PBXFileReference section */
		496966C03CEADA0BA4F1A329 /* Pods_Write_.framework */ = {isa = PBXFileReference; explicitFileType = wrapper.framework; includeInIndex = 0; path = Pods_Write_.framework; sourceTree = BUILT_PRODUCTS_DIR; };
		981CE3A325ADAE5500F4B56A /* TextEditorView.swift */ = {isa = PBXFileReference; lastKnownFileType = sourcecode.swift; path = TextEditorView.swift; sourceTree = "<group>"; };
		982871E825AA83B0009A2957 /* DefaultNotes.plist */ = {isa = PBXFileReference; lastKnownFileType = text.plist.xml; path = DefaultNotes.plist; sourceTree = "<group>"; };
		982871EA25AA852F009A2957 /* NoteCellViewModel.swift */ = {isa = PBXFileReference; lastKnownFileType = sourcecode.swift; path = NoteCellViewModel.swift; sourceTree = "<group>"; };
		982871ED25AA8721009A2957 /* ReaderModeControllerVM.swift */ = {isa = PBXFileReference; lastKnownFileType = sourcecode.swift; path = ReaderModeControllerVM.swift; sourceTree = "<group>"; };
		982871F125AA9547009A2957 /* NoteCellAdd.swift */ = {isa = PBXFileReference; lastKnownFileType = sourcecode.swift; path = NoteCellAdd.swift; sourceTree = "<group>"; };
		982871F325AAA0A4009A2957 /* NoteColletionView.swift */ = {isa = PBXFileReference; lastKnownFileType = sourcecode.swift; path = NoteColletionView.swift; sourceTree = "<group>"; };
		982871F625AAA147009A2957 /* NoteCollectionVMType.swift */ = {isa = PBXFileReference; lastKnownFileType = sourcecode.swift; path = NoteCollectionVMType.swift; sourceTree = "<group>"; };
		982871F825AAA22A009A2957 /* DocumentsControllerVM.swift */ = {isa = PBXFileReference; lastKnownFileType = sourcecode.swift; path = DocumentsControllerVM.swift; sourceTree = "<group>"; };
		982871FA25AB1C46009A2957 /* NewNoteController.swift */ = {isa = PBXFileReference; lastKnownFileType = sourcecode.swift; path = NewNoteController.swift; sourceTree = "<group>"; };
		988F7BB725A76C3100085B00 /* Write_.app */ = {isa = PBXFileReference; explicitFileType = wrapper.application; includeInIndex = 0; path = Write_.app; sourceTree = BUILT_PRODUCTS_DIR; };
		988F7BBA25A76C3100085B00 /* AppDelegate.swift */ = {isa = PBXFileReference; lastKnownFileType = sourcecode.swift; path = AppDelegate.swift; sourceTree = "<group>"; };
		988F7BBC25A76C3100085B00 /* SceneDelegate.swift */ = {isa = PBXFileReference; lastKnownFileType = sourcecode.swift; path = SceneDelegate.swift; sourceTree = "<group>"; };
		988F7BC425A76C3100085B00 /* Write_.xcdatamodel */ = {isa = PBXFileReference; lastKnownFileType = wrapper.xcdatamodel; path = Write_.xcdatamodel; sourceTree = "<group>"; };
		988F7BC625A76C3300085B00 /* Assets.xcassets */ = {isa = PBXFileReference; lastKnownFileType = folder.assetcatalog; path = Assets.xcassets; sourceTree = "<group>"; };
		988F7BC925A76C3300085B00 /* Base */ = {isa = PBXFileReference; lastKnownFileType = file.storyboard; name = Base; path = Base.lproj/LaunchScreen.storyboard; sourceTree = "<group>"; };
		988F7BCB25A76C3300085B00 /* Info.plist */ = {isa = PBXFileReference; lastKnownFileType = text.plist.xml; path = Info.plist; sourceTree = "<group>"; };
		988F7BD525A7708700085B00 /* MainContainer.swift */ = {isa = PBXFileReference; lastKnownFileType = sourcecode.swift; path = MainContainer.swift; sourceTree = "<group>"; };
		988F7BD725A7721200085B00 /* MainTabController.swift */ = {isa = PBXFileReference; lastKnownFileType = sourcecode.swift; path = MainTabController.swift; sourceTree = "<group>"; };
		988F7BD925A7738100085B00 /* DocumentsController.swift */ = {isa = PBXFileReference; lastKnownFileType = sourcecode.swift; path = DocumentsController.swift; sourceTree = "<group>"; };
		988F7BDB25A773B000085B00 /* ReaderModeController.swift */ = {isa = PBXFileReference; lastKnownFileType = sourcecode.swift; path = ReaderModeController.swift; sourceTree = "<group>"; };
		988F7BDD25A773D600085B00 /* SettingsController.swift */ = {isa = PBXFileReference; lastKnownFileType = sourcecode.swift; path = SettingsController.swift; sourceTree = "<group>"; };
		988F7BE025A77C0100085B00 /* Extensions.swift */ = {isa = PBXFileReference; lastKnownFileType = sourcecode.swift; path = Extensions.swift; sourceTree = "<group>"; };
		98BBD0AD25AC173000E8C55D /* UtilitiesUI.swift */ = {isa = PBXFileReference; lastKnownFileType = sourcecode.swift; path = UtilitiesUI.swift; sourceTree = "<group>"; };
		98EF0F1825A90D51000D3DF4 /* NoteCell.swift */ = {isa = PBXFileReference; lastKnownFileType = sourcecode.swift; path = NoteCell.swift; sourceTree = "<group>"; };
		98EF0F1B25A91E9A000D3DF4 /* Note.swift */ = {isa = PBXFileReference; lastKnownFileType = sourcecode.swift; path = Note.swift; sourceTree = "<group>"; };
		99085A008F5C8D6DE642AED6 /* Pods-Write_.debug.xcconfig */ = {isa = PBXFileReference; includeInIndex = 1; lastKnownFileType = text.xcconfig; name = "Pods-Write_.debug.xcconfig"; path = "Target Support Files/Pods-Write_/Pods-Write_.debug.xcconfig"; sourceTree = "<group>"; };
		F2155A7C7FFD716D33DDD83F /* Pods-Write_.release.xcconfig */ = {isa = PBXFileReference; includeInIndex = 1; lastKnownFileType = text.xcconfig; name = "Pods-Write_.release.xcconfig"; path = "Target Support Files/Pods-Write_/Pods-Write_.release.xcconfig"; sourceTree = "<group>"; };
/* End PBXFileReference section */

/* Begin PBXFrameworksBuildPhase section */
		988F7BB425A76C3100085B00 /* Frameworks */ = {
			isa = PBXFrameworksBuildPhase;
			buildActionMask = 2147483647;
			files = (
				B60AB3A1B393E94EB024FB3B /* Pods_Write_.framework in Frameworks */,
			);
			runOnlyForDeploymentPostprocessing = 0;
		};
/* End PBXFrameworksBuildPhase section */

/* Begin PBXGroup section */
		6A9EA13EC32BCD3ACC8567F1 /* Frameworks */ = {
			isa = PBXGroup;
			children = (
				496966C03CEADA0BA4F1A329 /* Pods_Write_.framework */,
			);
			name = Frameworks;
			sourceTree = "<group>";
		};
		982871EC25AA8533009A2957 /* ViewModel */ = {
			isa = PBXGroup;
			children = (
				982871F525AAA11E009A2957 /* Protocols */,
				982871F825AAA22A009A2957 /* DocumentsControllerVM.swift */,
				982871ED25AA8721009A2957 /* ReaderModeControllerVM.swift */,
				982871EA25AA852F009A2957 /* NoteCellViewModel.swift */,
			);
			path = ViewModel;
			sourceTree = "<group>";
		};
		982871F525AAA11E009A2957 /* Protocols */ = {
			isa = PBXGroup;
			children = (
				982871F625AAA147009A2957 /* NoteCollectionVMType.swift */,
			);
			path = Protocols;
			sourceTree = "<group>";
		};
		988F7BAE25A76C3000085B00 = {
			isa = PBXGroup;
			children = (
				988F7BB925A76C3100085B00 /* Write_ */,
				988F7BB825A76C3100085B00 /* Products */,
				B37A0EAB662E6A9EE712058B /* Pods */,
				6A9EA13EC32BCD3ACC8567F1 /* Frameworks */,
			);
			sourceTree = "<group>";
		};
		988F7BB825A76C3100085B00 /* Products */ = {
			isa = PBXGroup;
			children = (
				988F7BB725A76C3100085B00 /* Write_.app */,
			);
			name = Products;
			sourceTree = "<group>";
		};
		988F7BB925A76C3100085B00 /* Write_ */ = {
			isa = PBXGroup;
			children = (
				988F7BDF25A77BEF00085B00 /* Utilities */,
				988F7BD125A76EF300085B00 /* CoreData */,
				98EF0F1A25A91E6B000D3DF4 /* Model */,
				982871EC25AA8533009A2957 /* ViewModel */,
				988F7BD425A76F3100085B00 /* View */,
				988F7BD325A76F2B00085B00 /* Controller */,
				988F7BD225A76F0000085B00 /* Support */,
			);
			path = Write_;
			sourceTree = "<group>";
		};
		988F7BD125A76EF300085B00 /* CoreData */ = {
			isa = PBXGroup;
			children = (
				988F7BC325A76C3100085B00 /* Write_.xcdatamodeld */,
			);
			path = CoreData;
			sourceTree = "<group>";
		};
		988F7BD225A76F0000085B00 /* Support */ = {
			isa = PBXGroup;
			children = (
				988F7BBA25A76C3100085B00 /* AppDelegate.swift */,
				988F7BBC25A76C3100085B00 /* SceneDelegate.swift */,
				988F7BC625A76C3300085B00 /* Assets.xcassets */,
				988F7BCB25A76C3300085B00 /* Info.plist */,
			);
			path = Support;
			sourceTree = "<group>";
		};
		988F7BD325A76F2B00085B00 /* Controller */ = {
			isa = PBXGroup;
			children = (
				988F7BD525A7708700085B00 /* MainContainer.swift */,
				988F7BD725A7721200085B00 /* MainTabController.swift */,
				988F7BD925A7738100085B00 /* DocumentsController.swift */,
				988F7BDB25A773B000085B00 /* ReaderModeController.swift */,
				988F7BDD25A773D600085B00 /* SettingsController.swift */,
				982871F325AAA0A4009A2957 /* NoteColletionView.swift */,
				982871FA25AB1C46009A2957 /* NewNoteController.swift */,
			);
			path = Controller;
			sourceTree = "<group>";
		};
		988F7BD425A76F3100085B00 /* View */ = {
			isa = PBXGroup;
			children = (
				988F7BC825A76C3300085B00 /* LaunchScreen.storyboard */,
				98EF0F1825A90D51000D3DF4 /* NoteCell.swift */,
				982871F125AA9547009A2957 /* NoteCellAdd.swift */,
				981CE3A325ADAE5500F4B56A /* TextEditorView.swift */,
			);
			path = View;
			sourceTree = "<group>";
		};
		988F7BDF25A77BEF00085B00 /* Utilities */ = {
			isa = PBXGroup;
			children = (
				988F7BE025A77C0100085B00 /* Extensions.swift */,
				98BBD0AD25AC173000E8C55D /* UtilitiesUI.swift */,
			);
			path = Utilities;
			sourceTree = "<group>";
		};
		98EF0F1A25A91E6B000D3DF4 /* Model */ = {
			isa = PBXGroup;
			children = (
				98EF0F1B25A91E9A000D3DF4 /* Note.swift */,
				982871E825AA83B0009A2957 /* DefaultNotes.plist */,
			);
			path = Model;
			sourceTree = "<group>";
		};
		B37A0EAB662E6A9EE712058B /* Pods */ = {
			isa = PBXGroup;
			children = (
				99085A008F5C8D6DE642AED6 /* Pods-Write_.debug.xcconfig */,
				F2155A7C7FFD716D33DDD83F /* Pods-Write_.release.xcconfig */,
			);
			path = Pods;
			sourceTree = "<group>";
		};
/* End PBXGroup section */

/* Begin PBXNativeTarget section */
		988F7BB625A76C3100085B00 /* Write_ */ = {
			isa = PBXNativeTarget;
			buildConfigurationList = 988F7BCE25A76C3300085B00 /* Build configuration list for PBXNativeTarget "Write_" */;
			buildPhases = (
				0FD929F2B6E15EB652C58B46 /* [CP] Check Pods Manifest.lock */,
				988F7BB325A76C3100085B00 /* Sources */,
				988F7BB425A76C3100085B00 /* Frameworks */,
				988F7BB525A76C3100085B00 /* Resources */,
				F8CFC1B97479CB798B9CB188 /* [CP] Embed Pods Frameworks */,
			);
			buildRules = (
			);
			dependencies = (
			);
			name = Write_;
			productName = Write_;
			productReference = 988F7BB725A76C3100085B00 /* Write_.app */;
			productType = "com.apple.product-type.application";
		};
/* End PBXNativeTarget section */

/* Begin PBXProject section */
		988F7BAF25A76C3000085B00 /* Project object */ = {
			isa = PBXProject;
			attributes = {
				LastSwiftUpdateCheck = 1170;
				LastUpgradeCheck = 1170;
				ORGANIZATIONNAME = "Muhamed Niyazov";
				TargetAttributes = {
					988F7BB625A76C3100085B00 = {
						CreatedOnToolsVersion = 11.7;
					};
				};
			};
			buildConfigurationList = 988F7BB225A76C3000085B00 /* Build configuration list for PBXProject "Write_" */;
			compatibilityVersion = "Xcode 9.3";
			developmentRegion = en;
			hasScannedForEncodings = 0;
			knownRegions = (
				en,
				Base,
			);
			mainGroup = 988F7BAE25A76C3000085B00;
			productRefGroup = 988F7BB825A76C3100085B00 /* Products */;
			projectDirPath = "";
			projectRoot = "";
			targets = (
				988F7BB625A76C3100085B00 /* Write_ */,
			);
		};
/* End PBXProject section */

/* Begin PBXResourcesBuildPhase section */
		988F7BB525A76C3100085B00 /* Resources */ = {
			isa = PBXResourcesBuildPhase;
			buildActionMask = 2147483647;
			files = (
				982871E925AA83B0009A2957 /* DefaultNotes.plist in Resources */,
				988F7BCA25A76C3300085B00 /* LaunchScreen.storyboard in Resources */,
				988F7BC725A76C3300085B00 /* Assets.xcassets in Resources */,
			);
			runOnlyForDeploymentPostprocessing = 0;
		};
/* End PBXResourcesBuildPhase section */

/* Begin PBXShellScriptBuildPhase section */
		0FD929F2B6E15EB652C58B46 /* [CP] Check Pods Manifest.lock */ = {
			isa = PBXShellScriptBuildPhase;
			buildActionMask = 2147483647;
			files = (
			);
			inputFileListPaths = (
			);
			inputPaths = (
				"${PODS_PODFILE_DIR_PATH}/Podfile.lock",
				"${PODS_ROOT}/Manifest.lock",
			);
			name = "[CP] Check Pods Manifest.lock";
			outputFileListPaths = (
			);
			outputPaths = (
				"$(DERIVED_FILE_DIR)/Pods-Write_-checkManifestLockResult.txt",
			);
			runOnlyForDeploymentPostprocessing = 0;
			shellPath = /bin/sh;
			shellScript = "diff \"${PODS_PODFILE_DIR_PATH}/Podfile.lock\" \"${PODS_ROOT}/Manifest.lock\" > /dev/null\nif [ $? != 0 ] ; then\n    # print error to STDERR\n    echo \"error: The sandbox is not in sync with the Podfile.lock. Run 'pod install' or update your CocoaPods installation.\" >&2\n    exit 1\nfi\n# This output is used by Xcode 'outputs' to avoid re-running this script phase.\necho \"SUCCESS\" > \"${SCRIPT_OUTPUT_FILE_0}\"\n";
			showEnvVarsInLog = 0;
		};
		F8CFC1B97479CB798B9CB188 /* [CP] Embed Pods Frameworks */ = {
			isa = PBXShellScriptBuildPhase;
			buildActionMask = 2147483647;
			files = (
			);
			inputFileListPaths = (
				"${PODS_ROOT}/Target Support Files/Pods-Write_/Pods-Write_-frameworks-${CONFIGURATION}-input-files.xcfilelist",
			);
			name = "[CP] Embed Pods Frameworks";
			outputFileListPaths = (
				"${PODS_ROOT}/Target Support Files/Pods-Write_/Pods-Write_-frameworks-${CONFIGURATION}-output-files.xcfilelist",
			);
			runOnlyForDeploymentPostprocessing = 0;
			shellPath = /bin/sh;
			shellScript = "\"${PODS_ROOT}/Target Support Files/Pods-Write_/Pods-Write_-frameworks.sh\"\n";
			showEnvVarsInLog = 0;
		};
/* End PBXShellScriptBuildPhase section */

/* Begin PBXSourcesBuildPhase section */
		988F7BB325A76C3100085B00 /* Sources */ = {
			isa = PBXSourcesBuildPhase;
			buildActionMask = 2147483647;
			files = (
				988F7BDE25A773D600085B00 /* SettingsController.swift in Sources */,
				982871F425AAA0A4009A2957 /* NoteColletionView.swift in Sources */,
				988F7BE125A77C0100085B00 /* Extensions.swift in Sources */,
				988F7BC525A76C3100085B00 /* Write_.xcdatamodeld in Sources */,
				988F7BBB25A76C3100085B00 /* AppDelegate.swift in Sources */,
				98EF0F1C25A91E9B000D3DF4 /* Note.swift in Sources */,
				982871FB25AB1C46009A2957 /* NewNoteController.swift in Sources */,
				982871F925AAA22A009A2957 /* DocumentsControllerVM.swift in Sources */,
				98BBD0AE25AC173000E8C55D /* UtilitiesUI.swift in Sources */,
				98EF0F1925A90D51000D3DF4 /* NoteCell.swift in Sources */,
				988F7BD825A7721200085B00 /* MainTabController.swift in Sources */,
				982871F225AA9547009A2957 /* NoteCellAdd.swift in Sources */,
				988F7BD625A7708700085B00 /* MainContainer.swift in Sources */,
				988F7BDA25A7738100085B00 /* DocumentsController.swift in Sources */,
				988F7BBD25A76C3100085B00 /* SceneDelegate.swift in Sources */,
				982871F725AAA147009A2957 /* NoteCollectionVMType.swift in Sources */,
				982871EB25AA852F009A2957 /* NoteCellViewModel.swift in Sources */,
				988F7BDC25A773B000085B00 /* ReaderModeController.swift in Sources */,
				981CE3A425ADAE5500F4B56A /* TextEditorView.swift in Sources */,
				982871EE25AA8721009A2957 /* ReaderModeControllerVM.swift in Sources */,
			);
			runOnlyForDeploymentPostprocessing = 0;
		};
/* End PBXSourcesBuildPhase section */

/* Begin PBXVariantGroup section */
		988F7BC825A76C3300085B00 /* LaunchScreen.storyboard */ = {
			isa = PBXVariantGroup;
			children = (
				988F7BC925A76C3300085B00 /* Base */,
			);
			name = LaunchScreen.storyboard;
			sourceTree = "<group>";
		};
/* End PBXVariantGroup section */

/* Begin XCBuildConfiguration section */
		988F7BCC25A76C3300085B00 /* Debug */ = {
			isa = XCBuildConfiguration;
			buildSettings = {
				ALWAYS_SEARCH_USER_PATHS = NO;
				CLANG_ANALYZER_NONNULL = YES;
				CLANG_ANALYZER_NUMBER_OBJECT_CONVERSION = YES_AGGRESSIVE;
				CLANG_CXX_LANGUAGE_STANDARD = "gnu++14";
				CLANG_CXX_LIBRARY = "libc++";
				CLANG_ENABLE_MODULES = YES;
				CLANG_ENABLE_OBJC_ARC = YES;
				CLANG_ENABLE_OBJC_WEAK = YES;
				CLANG_WARN_BLOCK_CAPTURE_AUTORELEASING = YES;
				CLANG_WARN_BOOL_CONVERSION = YES;
				CLANG_WARN_COMMA = YES;
				CLANG_WARN_CONSTANT_CONVERSION = YES;
				CLANG_WARN_DEPRECATED_OBJC_IMPLEMENTATIONS = YES;
				CLANG_WARN_DIRECT_OBJC_ISA_USAGE = YES_ERROR;
				CLANG_WARN_DOCUMENTATION_COMMENTS = YES;
				CLANG_WARN_EMPTY_BODY = YES;
				CLANG_WARN_ENUM_CONVERSION = YES;
				CLANG_WARN_INFINITE_RECURSION = YES;
				CLANG_WARN_INT_CONVERSION = YES;
				CLANG_WARN_NON_LITERAL_NULL_CONVERSION = YES;
				CLANG_WARN_OBJC_IMPLICIT_RETAIN_SELF = YES;
				CLANG_WARN_OBJC_LITERAL_CONVERSION = YES;
				CLANG_WARN_OBJC_ROOT_CLASS = YES_ERROR;
				CLANG_WARN_RANGE_LOOP_ANALYSIS = YES;
				CLANG_WARN_STRICT_PROTOTYPES = YES;
				CLANG_WARN_SUSPICIOUS_MOVE = YES;
				CLANG_WARN_UNGUARDED_AVAILABILITY = YES_AGGRESSIVE;
				CLANG_WARN_UNREACHABLE_CODE = YES;
				CLANG_WARN__DUPLICATE_METHOD_MATCH = YES;
				COPY_PHASE_STRIP = NO;
				DEBUG_INFORMATION_FORMAT = dwarf;
				ENABLE_STRICT_OBJC_MSGSEND = YES;
				ENABLE_TESTABILITY = YES;
				GCC_C_LANGUAGE_STANDARD = gnu11;
				GCC_DYNAMIC_NO_PIC = NO;
				GCC_NO_COMMON_BLOCKS = YES;
				GCC_OPTIMIZATION_LEVEL = 0;
				GCC_PREPROCESSOR_DEFINITIONS = (
					"DEBUG=1",
					"$(inherited)",
				);
				GCC_WARN_64_TO_32_BIT_CONVERSION = YES;
				GCC_WARN_ABOUT_RETURN_TYPE = YES_ERROR;
				GCC_WARN_UNDECLARED_SELECTOR = YES;
				GCC_WARN_UNINITIALIZED_AUTOS = YES_AGGRESSIVE;
				GCC_WARN_UNUSED_FUNCTION = YES;
				GCC_WARN_UNUSED_VARIABLE = YES;
				IPHONEOS_DEPLOYMENT_TARGET = 13.7;
				MTL_ENABLE_DEBUG_INFO = INCLUDE_SOURCE;
				MTL_FAST_MATH = YES;
				ONLY_ACTIVE_ARCH = YES;
				SDKROOT = iphoneos;
				SWIFT_ACTIVE_COMPILATION_CONDITIONS = DEBUG;
				SWIFT_OPTIMIZATION_LEVEL = "-Onone";
			};
			name = Debug;
		};
		988F7BCD25A76C3300085B00 /* Release */ = {
			isa = XCBuildConfiguration;
			buildSettings = {
				ALWAYS_SEARCH_USER_PATHS = NO;
				CLANG_ANALYZER_NONNULL = YES;
				CLANG_ANALYZER_NUMBER_OBJECT_CONVERSION = YES_AGGRESSIVE;
				CLANG_CXX_LANGUAGE_STANDARD = "gnu++14";
				CLANG_CXX_LIBRARY = "libc++";
				CLANG_ENABLE_MODULES = YES;
				CLANG_ENABLE_OBJC_ARC = YES;
				CLANG_ENABLE_OBJC_WEAK = YES;
				CLANG_WARN_BLOCK_CAPTURE_AUTORELEASING = YES;
				CLANG_WARN_BOOL_CONVERSION = YES;
				CLANG_WARN_COMMA = YES;
				CLANG_WARN_CONSTANT_CONVERSION = YES;
				CLANG_WARN_DEPRECATED_OBJC_IMPLEMENTATIONS = YES;
				CLANG_WARN_DIRECT_OBJC_ISA_USAGE = YES_ERROR;
				CLANG_WARN_DOCUMENTATION_COMMENTS = YES;
				CLANG_WARN_EMPTY_BODY = YES;
				CLANG_WARN_ENUM_CONVERSION = YES;
				CLANG_WARN_INFINITE_RECURSION = YES;
				CLANG_WARN_INT_CONVERSION = YES;
				CLANG_WARN_NON_LITERAL_NULL_CONVERSION = YES;
				CLANG_WARN_OBJC_IMPLICIT_RETAIN_SELF = YES;
				CLANG_WARN_OBJC_LITERAL_CONVERSION = YES;
				CLANG_WARN_OBJC_ROOT_CLASS = YES_ERROR;
				CLANG_WARN_RANGE_LOOP_ANALYSIS = YES;
				CLANG_WARN_STRICT_PROTOTYPES = YES;
				CLANG_WARN_SUSPICIOUS_MOVE = YES;
				CLANG_WARN_UNGUARDED_AVAILABILITY = YES_AGGRESSIVE;
				CLANG_WARN_UNREACHABLE_CODE = YES;
				CLANG_WARN__DUPLICATE_METHOD_MATCH = YES;
				COPY_PHASE_STRIP = NO;
				DEBUG_INFORMATION_FORMAT = "dwarf-with-dsym";
				ENABLE_NS_ASSERTIONS = NO;
				ENABLE_STRICT_OBJC_MSGSEND = YES;
				GCC_C_LANGUAGE_STANDARD = gnu11;
				GCC_NO_COMMON_BLOCKS = YES;
				GCC_WARN_64_TO_32_BIT_CONVERSION = YES;
				GCC_WARN_ABOUT_RETURN_TYPE = YES_ERROR;
				GCC_WARN_UNDECLARED_SELECTOR = YES;
				GCC_WARN_UNINITIALIZED_AUTOS = YES_AGGRESSIVE;
				GCC_WARN_UNUSED_FUNCTION = YES;
				GCC_WARN_UNUSED_VARIABLE = YES;
				IPHONEOS_DEPLOYMENT_TARGET = 13.7;
				MTL_ENABLE_DEBUG_INFO = NO;
				MTL_FAST_MATH = YES;
				SDKROOT = iphoneos;
				SWIFT_COMPILATION_MODE = wholemodule;
				SWIFT_OPTIMIZATION_LEVEL = "-O";
				VALIDATE_PRODUCT = YES;
			};
			name = Release;
		};
		988F7BCF25A76C3300085B00 /* Debug */ = {
			isa = XCBuildConfiguration;
			baseConfigurationReference = 99085A008F5C8D6DE642AED6 /* Pods-Write_.debug.xcconfig */;
			buildSettings = {
				ASSETCATALOG_COMPILER_APPICON_NAME = AppIcon;
				CODE_SIGN_STYLE = Automatic;
				DEVELOPMENT_TEAM = MMPG5D2MU6;
				INFOPLIST_FILE = "$(SRCROOT)/Write_/Support/Info.plist";
				IPHONEOS_DEPLOYMENT_TARGET = 13.0;
				LD_RUNPATH_SEARCH_PATHS = (
					"$(inherited)",
					"@executable_path/Frameworks",
				);
				PRODUCT_BUNDLE_IDENTIFIER = "ru.m.niyazov.EN-10";
				PRODUCT_NAME = "$(TARGET_NAME)";
				SWIFT_VERSION = 5.0;
				TARGETED_DEVICE_FAMILY = "1,2";
			};
			name = Debug;
		};
		988F7BD025A76C3300085B00 /* Release */ = {
			isa = XCBuildConfiguration;
			baseConfigurationReference = F2155A7C7FFD716D33DDD83F /* Pods-Write_.release.xcconfig */;
			buildSettings = {
				ASSETCATALOG_COMPILER_APPICON_NAME = AppIcon;
				CODE_SIGN_STYLE = Automatic;
				DEVELOPMENT_TEAM = MMPG5D2MU6;
				INFOPLIST_FILE = "$(SRCROOT)/Write_/Support/Info.plist";
				IPHONEOS_DEPLOYMENT_TARGET = 13.0;
				LD_RUNPATH_SEARCH_PATHS = (
					"$(inherited)",
					"@executable_path/Frameworks",
				);
				PRODUCT_BUNDLE_IDENTIFIER = "ru.m.niyazov.EN-10";
				PRODUCT_NAME = "$(TARGET_NAME)";
				SWIFT_VERSION = 5.0;
				TARGETED_DEVICE_FAMILY = "1,2";
			};
			name = Release;
		};
/* End XCBuildConfiguration section */

/* Begin XCConfigurationList section */
		988F7BB225A76C3000085B00 /* Build configuration list for PBXProject "Write_" */ = {
			isa = XCConfigurationList;
			buildConfigurations = (
				988F7BCC25A76C3300085B00 /* Debug */,
				988F7BCD25A76C3300085B00 /* Release */,
			);
			defaultConfigurationIsVisible = 0;
			defaultConfigurationName = Release;
		};
		988F7BCE25A76C3300085B00 /* Build configuration list for PBXNativeTarget "Write_" */ = {
			isa = XCConfigurationList;
			buildConfigurations = (
				988F7BCF25A76C3300085B00 /* Debug */,
				988F7BD025A76C3300085B00 /* Release */,
			);
			defaultConfigurationIsVisible = 0;
			defaultConfigurationName = Release;
		};
/* End XCConfigurationList section */

/* Begin XCVersionGroup section */
		988F7BC325A76C3100085B00 /* Write_.xcdatamodeld */ = {
			isa = XCVersionGroup;
			children = (
				988F7BC425A76C3100085B00 /* Write_.xcdatamodel */,
			);
			currentVersion = 988F7BC425A76C3100085B00 /* Write_.xcdatamodel */;
			path = Write_.xcdatamodeld;
			sourceTree = "<group>";
			versionGroupType = wrapper.xcdatamodel;
		};
/* End XCVersionGroup section */
	};
	rootObject = 988F7BAF25A76C3000085B00 /* Project object */;
}
